
Microsoft Visual Studio Solution File, Format Version 12.00
# Visual Studio Version 16
VisualStudioVersion = 16.0.30114.105
MinimumVisualStudioVersion = 10.0.40219.1
Project("{FAE04EC0-301F-11D3-BF4B-00C04F79EFBC}") = "XFSettingsJSON.Android", "XFSettingsJSON\XFSettingsJSON.Android\XFSettingsJSON.Android.csproj", "{AD82C7E0-CD34-4DA1-A421-83D632233459}"
EndProject
Project("{FAE04EC0-301F-11D3-BF4B-00C04F79EFBC}") = "XFSettingsJSON.iOS", "XFSettingsJSON\XFSettingsJSON.iOS\XFSettingsJSON.iOS.csproj", "{5D86621A-0028-4868-B2C2-D8D2E18BF962}"
EndProject
Project("{FAE04EC0-301F-11D3-BF4B-00C04F79EFBC}") = "XFSettingsJSON", "XFSettingsJSON\XFSettingsJSON\XFSettingsJSON.csproj", "{DA3BE847-8FA4-4366-9397-9C03EDFF1431}"
EndProject
Global
	GlobalSection(SolutionConfigurationPlatforms) = preSolution
		Debug|Any CPU = Debug|Any CPU
		Debug|iPhone = Debug|iPhone
		Debug|iPhoneSimulator = Debug|iPhoneSimulator
		Release|Any CPU = Release|Any CPU
		Release|iPhone = Release|iPhone
		Release|iPhoneSimulator = Release|iPhoneSimulator
	EndGlobalSection
	GlobalSection(ProjectConfigurationPlatforms) = postSolution
		{AD82C7E0-CD34-4DA1-A421-83D632233459}.Debug|Any CPU.ActiveCfg = Debug|Any CPU
		{AD82C7E0-CD34-4DA1-A421-83D632233459}.Debug|Any CPU.Build.0 = Debug|Any CPU
		{AD82C7E0-CD34-4DA1-A421-83D632233459}.Debug|Any CPU.Deploy.0 = Debug|Any CPU
		{AD82C7E0-CD34-4DA1-A421-83D632233459}.Debug|iPhone.ActiveCfg = Debug|Any CPU
		{AD82C7E0-CD34-4DA1-A421-83D632233459}.Debug|iPhone.Build.0 = Debug|Any CPU
		{AD82C7E0-CD34-4DA1-A421-83D632233459}.Debug|iPhone.Deploy.0 = Debug|Any CPU
		{AD82C7E0-CD34-4DA1-A421-83D632233459}.Debug|iPhoneSimulator.ActiveCfg = Debug|Any CPU
		{AD82C7E0-CD34-4DA1-A421-83D632233459}.Debug|iPhoneSimulator.Build.0 = Debug|Any CPU
		{AD82C7E0-CD34-4DA1-A421-83D632233459}.Debug|iPhoneSimulator.Deploy.0 = Debug|Any CPU
		{AD82C7E0-CD34-4DA1-A421-83D632233459}.Release|Any CPU.ActiveCfg = Release|Any CPU
		{AD82C7E0-CD34-4DA1-A421-83D632233459}.Release|Any CPU.Build.0 = Release|Any CPU
		{AD82C7E0-CD34-4DA1-A421-83D632233459}.Release|Any CPU.Deploy.0 = Release|Any CPU
		{AD82C7E0-CD34-4DA1-A421-83D632233459}.Release|iPhone.ActiveCfg = Release|Any CPU
		{AD82C7E0-CD34-4DA1-A421-83D632233459}.Release|iPhone.Build.0 = Release|Any CPU
		{AD82C7E0-CD34-4DA1-A421-83D632233459}.Release|iPhone.Deploy.0 = Release|Any CPU
		{AD82C7E0-CD34-4DA1-A421-83D632233459}.Release|iPhoneSimulator.ActiveCfg = Release|Any CPU
		{AD82C7E0-CD34-4DA1-A421-83D632233459}.Release|iPhoneSimulator.Build.0 = Release|Any CPU
		{AD82C7E0-CD34-4DA1-A421-83D632233459}.Release|iPhoneSimulator.Deploy.0 = Release|Any CPU
		{5D86621A-0028-4868-B2C2-D8D2E18BF962}.Debug|Any CPU.ActiveCfg = Debug|iPhone
		{5D86621A-0028-4868-B2C2-D8D2E18BF962}.Debug|Any CPU.Build.0 = Debug|iPhone
		{5D86621A-0028-4868-B2C2-D8D2E18BF962}.Debug|Any CPU.Deploy.0 = Debug|iPhone
		{5D86621A-0028-4868-B2C2-D8D2E18BF962}.Debug|iPhone.ActiveCfg = Debug|iPhone
		{5D86621A-0028-4868-B2C2-D8D2E18BF962}.Debug|iPhone.Build.0 = Debug|iPhone
		{5D86621A-0028-4868-B2C2-D8D2E18BF962}.Debug|iPhone.Deploy.0 = Debug|iPhone
		{5D86621A-0028-4868-B2C2-D8D2E18BF962}.Debug|iPhoneSimulator.ActiveCfg = Debug|iPhoneSimulator
		{5D86621A-0028-4868-B2C2-D8D2E18BF962}.Debug|iPhoneSimulator.Build.0 = Debug|iPhoneSimulator
		{5D86621A-0028-4868-B2C2-D8D2E18BF962}.Debug|iPhoneSimulator.Deploy.0 = Debug|iPhoneSimulator
		{5D86621A-0028-4868-B2C2-D8D2E18BF962}.Release|Any CPU.ActiveCfg = Release|iPhone
		{5D86621A-0028-4868-B2C2-D8D2E18BF962}.Release|Any CPU.Build.0 = Release|iPhone
		{5D86621A-0028-4868-B2C2-D8D2E18BF962}.Release|Any CPU.Deploy.0 = Release|iPhone
		{5D86621A-0028-4868-B2C2-D8D2E18BF962}.Release|iPhone.ActiveCfg = Release|iPhone
		{5D86621A-0028-4868-B2C2-D8D2E18BF962}.Release|iPhone.Build.0 = Release|iPhone
		{5D86621A-0028-4868-B2C2-D8D2E18BF962}.Release|iPhone.Deploy.0 = Release|iPhone
		{5D86621A-0028-4868-B2C2-D8D2E18BF962}.Release|iPhoneSimulator.ActiveCfg = Release|iPhoneSimulator
		{5D86621A-0028-4868-B2C2-D8D2E18BF962}.Release|iPhoneSimulator.Build.0 = Release|iPhoneSimulator
		{5D86621A-0028-4868-B2C2-D8D2E18BF962}.Release|iPhoneSimulator.Deploy.0 = Release|iPhoneSimulator
		{DA3BE847-8FA4-4366-9397-9C03EDFF1431}.Debug|Any CPU.ActiveCfg = Debug|Any CPU
		{DA3BE847-8FA4-4366-9397-9C03EDFF1431}.Debug|Any CPU.Build.0 = Debug|Any CPU
		{DA3BE847-8FA4-4366-9397-9C03EDFF1431}.Debug|Any CPU.Deploy.0 = Debug|Any CPU
		{DA3BE847-8FA4-4366-9397-9C03EDFF1431}.Debug|iPhone.ActiveCfg = Debug|Any CPU
		{DA3BE847-8FA4-4366-9397-9C03EDFF1431}.Debug|iPhone.Build.0 = Debug|Any CPU
		{DA3BE847-8FA4-4366-9397-9C03EDFF1431}.Debug|iPhone.Deploy.0 = Debug|Any CPU
		{DA3BE847-8FA4-4366-9397-9C03EDFF1431}.Debug|iPhoneSimulator.ActiveCfg = Debug|Any CPU
		{DA3BE847-8FA4-4366-9397-9C03EDFF1431}.Debug|iPhoneSimulator.Build.0 = Debug|Any CPU
		{DA3BE847-8FA4-4366-9397-9C03EDFF1431}.Debug|iPhoneSimulator.Deploy.0 = Debug|Any CPU
		{DA3BE847-8FA4-4366-9397-9C03EDFF1431}.Release|Any CPU.ActiveCfg = Release|Any CPU
		{DA3BE847-8FA4-4366-9397-9C03EDFF1431}.Release|Any CPU.Build.0 = Release|Any CPU
		{DA3BE847-8FA4-4366-9397-9C03EDFF1431}.Release|Any CPU.Deploy.0 = Release|Any CPU
		{DA3BE847-8FA4-4366-9397-9C03EDFF1431}.Release|iPhone.ActiveCfg = Release|Any CPU
		{DA3BE847-8FA4-4366-9397-9C03EDFF1431}.Release|iPhone.Build.0 = Release|Any CPU
		{DA3BE847-8FA4-4366-9397-9C03EDFF1431}.Release|iPhone.Deploy.0 = Release|Any CPU
		{DA3BE847-8FA4-4366-9397-9C03EDFF1431}.Release|iPhoneSimulator.ActiveCfg = Release|Any CPU
		{DA3BE847-8FA4-4366-9397-9C03EDFF1431}.Release|iPhoneSimulator.Build.0 = Release|Any CPU
		{DA3BE847-8FA4-4366-9397-9C03EDFF1431}.Release|iPhoneSimulator.Deploy.0 = Release|Any CPU
	EndGlobalSection
	GlobalSection(SolutionProperties) = preSolution
		HideSolutionNode = FALSE
	EndGlobalSection
	GlobalSection(ExtensibilityGlobals) = postSolution
		SolutionGuid = {3970C597-D9C6-4944-A009-59DF634E857A}
	EndGlobalSection
EndGlobal
